// !$*UTF8*$!
{
	archiveVersion = 1;
	classes = {
	};
	objectVersion = 48;
	objects = {

/* Begin PBXBuildFile section */
		AE3593B81FCF9C3B00AA831F /* AppDelegate.swift in Sources */ = {isa = PBXBuildFile; fileRef = AE3593B71FCF9C3B00AA831F /* AppDelegate.swift */; };
		AE3593BA1FCF9C3B00AA831F /* ViewController.swift in Sources */ = {isa = PBXBuildFile; fileRef = AE3593B91FCF9C3B00AA831F /* ViewController.swift */; };
		AE3593BD1FCF9C3B00AA831F /* Main.storyboard in Resources */ = {isa = PBXBuildFile; fileRef = AE3593BB1FCF9C3B00AA831F /* Main.storyboard */; };
		AE3593BF1FCF9C3B00AA831F /* Assets.xcassets in Resources */ = {isa = PBXBuildFile; fileRef = AE3593BE1FCF9C3B00AA831F /* Assets.xcassets */; };
		AE3593C21FCF9C3B00AA831F /* LaunchScreen.storyboard in Resources */ = {isa = PBXBuildFile; fileRef = AE3593C01FCF9C3B00AA831F /* LaunchScreen.storyboard */; };
/* End PBXBuildFile section */

/* Begin PBXFileReference section */
		AE3593B41FCF9C3B00AA831F /* SumManger.app */ = {isa = PBXFileReference; explicitFileType = wrapper.application; includeInIndex = 0; path = SumManger.app; sourceTree = BUILT_PRODUCTS_DIR; };
		AE3593B71FCF9C3B00AA831F /* AppDelegate.swift */ = {isa = PBXFileReference; lastKnownFileType = sourcecode.swift; path = AppDelegate.swift; sourceTree = "<group>"; };
		AE3593B91FCF9C3B00AA831F /* ViewController.swift */ = {isa = PBXFileReference; lastKnownFileType = sourcecode.swift; path = ViewController.swift; sourceTree = "<group>"; };
		AE3593BC1FCF9C3B00AA831F /* Base */ = {isa = PBXFileReference; lastKnownFileType = file.storyboard; name = Base; path = Base.lproj/Main.storyboard; sourceTree = "<group>"; };
		AE3593BE1FCF9C3B00AA831F /* Assets.xcassets */ = {isa = PBXFileReference; lastKnownFileType = folder.assetcatalog; path = Assets.xcassets; sourceTree = "<group>"; };
		AE3593C11FCF9C3B00AA831F /* Base */ = {isa = PBXFileReference; lastKnownFileType = file.storyboard; name = Base; path = Base.lproj/LaunchScreen.storyboard; sourceTree = "<group>"; };
		AE3593C31FCF9C3B00AA831F /* Info.plist */ = {isa = PBXFileReference; lastKnownFileType = text.plist.xml; path = Info.plist; sourceTree = "<group>"; };
/* End PBXFileReference section */

/* Begin PBXFrameworksBuildPhase section */
		AE3593B11FCF9C3B00AA831F /* Frameworks */ = {
			isa = PBXFrameworksBuildPhase;
			buildActionMask = 2147483647;
			files = (
			);
			runOnlyForDeploymentPostprocessing = 0;
		};
/* End PBXFrameworksBuildPhase section */

/* Begin PBXGroup section */
		AE3593AB1FCF9C3B00AA831F = {
			isa = PBXGroup;
			children = (
				AE3593B61FCF9C3B00AA831F /* SumManger */,
				AE3593B51FCF9C3B00AA831F /* Products */,
			);
			sourceTree = "<group>";
		};
		AE3593B51FCF9C3B00AA831F /* Products */ = {
			isa = PBXGroup;
			children = (
				AE3593B41FCF9C3B00AA831F /* SumManger.app */,
			);
			name = Products;
			sourceTree = "<group>";
		};
		AE3593B61FCF9C3B00AA831F /* SumManger */ = {
			isa = PBXGroup;
			children = (
				AE3593B71FCF9C3B00AA831F /* AppDelegate.swift */,
				AE3593B91FCF9C3B00AA831F /* ViewController.swift */,
				AE3593BB1FCF9C3B00AA831F /* Main.storyboard */,
				AE3593BE1FCF9C3B00AA831F /* Assets.xcassets */,
				AE3593C01FCF9C3B00AA831F /* LaunchScreen.storyboard */,
				AE3593C31FCF9C3B00AA831F /* Info.plist */,
			);
			path = SumManger;
			sourceTree = "<group>";
		};
/* End PBXGroup section */

/* Begin PBXNativeTarget section */
		AE3593B31FCF9C3B00AA831F /* SumManger */ = {
			isa = PBXNativeTarget;
			buildConfigurationList = AE3593C61FCF9C3B00AA831F /* Build configuration list for PBXNativeTarget "SumManger" */;
			buildPhases = (
				AE3593B01FCF9C3B00AA831F /* Sources */,
				AE3593B11FCF9C3B00AA831F /* Frameworks */,
				AE3593B21FCF9C3B00AA831F /* Resources */,
			);
			buildRules = (
			);
			dependencies = (
			);
			name = SumManger;
			productName = SumManger;
			productReference = AE3593B41FCF9C3B00AA831F /* SumManger.app */;
			productType = "com.apple.product-type.application";
		};
/* End PBXNativeTarget section */

/* Begin PBXProject section */
		AE3593AC1FCF9C3B00AA831F /* Project object */ = {
			isa = PBXProject;
			attributes = {
				LastSwiftUpdateCheck = 0900;
				LastUpgradeCheck = 0900;
				ORGANIZATIONNAME = Kenvin;
				TargetAttributes = {
					AE3593B31FCF9C3B00AA831F = {
						CreatedOnToolsVersion = 9.0.1;
						ProvisioningStyle = Automatic;
					};
				};
			};
			buildConfigurationList = AE3593AF1FCF9C3B00AA831F /* Build configuration list for PBXProject "SumManger" */;
			compatibilityVersion = "Xcode 8.0";
			developmentRegion = en;
			hasScannedForEncodings = 0;
			knownRegions = (
				en,
				Base,
			);
			mainGroup = AE3593AB1FCF9C3B00AA831F;
			productRefGroup = AE3593B51FCF9C3B00AA831F /* Products */;
			projectDirPath = "";
			projectRoot = "";
			targets = (
				AE3593B31FCF9C3B00AA831F /* SumManger */,
			);
		};
/* End PBXProject section */

/* Begin PBXResourcesBuildPhase section */
		AE3593B21FCF9C3B00AA831F /* Resources */ = {
			isa = PBXResourcesBuildPhase;
			buildActionMask = 2147483647;
			files = (
				AE3593C21FCF9C3B00AA831F /* LaunchScreen.storyboard in Resources */,
				AE3593BF1FCF9C3B00AA831F /* Assets.xcassets in Resources */,
				AE3593BD1FCF9C3B00AA831F /* Main.storyboard in Resources */,
			);
			runOnlyForDeploymentPostprocessing = 0;
		};
/* End PBXResourcesBuildPhase section */

/* Begin PBXSourcesBuildPhase section */
		AE3593B01FCF9C3B00AA831F /* Sources */ = {
			isa = PBXSourcesBuildPhase;
			buildActionMask = 2147483647;
			files = (
				AE3593BA1FCF9C3B00AA831F /* ViewController.swift in Sources */,
				AE3593B81FCF9C3B00AA831F /* AppDelegate.swift in Sources */,
			);
			runOnlyForDeploymentPostprocessing = 0;
		};
/* End PBXSourcesBuildPhase section */

/* Begin PBXVariantGroup section */
		AE3593BB1FCF9C3B00AA831F /* Main.storyboard */ = {
			isa = PBXVariantGroup;
			children = (
				AE3593BC1FCF9C3B00AA831F /* Base */,
			);
			name = Main.storyboard;
			sourceTree = "<group>";
		};
		AE3593C01FCF9C3B00AA831F /* LaunchScreen.storyboard */ = {
			isa = PBXVariantGroup;
			children = (
				AE3593C11FCF9C3B00AA831F /* Base */,
			);
			name = LaunchScreen.storyboard;
			sourceTree = "<group>";
		};
/* End PBXVariantGroup section */

/* Begin XCBuildConfiguration section */
		AE3593C41FCF9C3B00AA831F /* Debug */ = {
			isa = XCBuildConfiguration;
			buildSettings = {
				ALWAYS_SEARCH_USER_PATHS = NO;
				CLANG_ANALYZER_NONNULL = YES;
				CLANG_ANALYZER_NUMBER_OBJECT_CONVERSION = YES_AGGRESSIVE;
				CLANG_CXX_LANGUAGE_STANDARD = "gnu++14";
				CLANG_CXX_LIBRARY = "libc++";
				CLANG_ENABLE_MODULES = YES;
				CLANG_ENABLE_OBJC_ARC = YES;
				CLANG_WARN_BLOCK_CAPTURE_AUTORELEASING = YES;
				CLANG_WARN_BOOL_CONVERSION = YES;
				CLANG_WARN_COMMA = YES;
				CLANG_WARN_CONSTANT_CONVERSION = YES;
				CLANG_WARN_DIRECT_OBJC_ISA_USAGE = YES_ERROR;
				CLANG_WARN_DOCUMENTATION_COMMENTS = YES;
				CLANG_WARN_EMPTY_BODY = YES;
				CLANG_WARN_ENUM_CONVERSION = YES;
				CLANG_WARN_INFINITE_RECURSION = YES;
				CLANG_WARN_INT_CONVERSION = YES;
				CLANG_WARN_NON_LITERAL_NULL_CONVERSION = YES;
				CLANG_WARN_OBJC_LITERAL_CONVERSION = YES;
				CLANG_WARN_OBJC_ROOT_CLASS = YES_ERROR;
				CLANG_WARN_RANGE_LOOP_ANALYSIS = YES;
				CLANG_WARN_STRICT_PROTOTYPES = YES;
				CLANG_WARN_SUSPICIOUS_MOVE = YES;
				CLANG_WARN_UNGUARDED_AVAILABILITY = YES_AGGRESSIVE;
				CLANG_WARN_UNREACHABLE_CODE = YES;
				CLANG_WARN__DUPLICATE_METHOD_MATCH = YES;
				CODE_SIGN_IDENTITY = "iPhone Developer";
				COPY_PHASE_STRIP = NO;
				DEBUG_INFORMATION_FORMAT = dwarf;
				ENABLE_STRICT_OBJC_MSGSEND = YES;
				ENABLE_TESTABILITY = YES;
				GCC_C_LANGUAGE_STANDARD = gnu11;
				GCC_DYNAMIC_NO_PIC = NO;
				GCC_NO_COMMON_BLOCKS = YES;
				GCC_OPTIMIZATION_LEVEL = 0;
				GCC_PREPROCESSOR_DEFINITIONS = (
					"DEBUG=1",
					"$(inherited)",
				);
				GCC_WARN_64_TO_32_BIT_CONVERSION = YES;
				GCC_WARN_ABOUT_RETURN_TYPE = YES_ERROR;
				GCC_WARN_UNDECLARED_SELECTOR = YES;
				GCC_WARN_UNINITIALIZED_AUTOS = YES_AGGRESSIVE;
				GCC_WARN_UNUSED_FUNCTION = YES;
				GCC_WARN_UNUSED_VARIABLE = YES;
				IPHONEOS_DEPLOYMENT_TARGET = 11.0;
				MTL_ENABLE_DEBUG_INFO = YES;
				ONLY_ACTIVE_ARCH = YES;
				SDKROOT = iphoneos;
				SWIFT_ACTIVE_COMPILATION_CONDITIONS = DEBUG;
				SWIFT_OPTIMIZATION_LEVEL = "-Onone";
			};
			name = Debug;
		};
		AE3593C51FCF9C3B00AA831F /* Release */ = {
			isa = XCBuildConfiguration;
			buildSettings = {
				ALWAYS_SEARCH_USER_PATHS = NO;
				CLANG_ANALYZER_NONNULL = YES;
				CLANG_ANALYZER_NUMBER_OBJECT_CONVERSION = YES_AGGRESSIVE;
				CLANG_CXX_LANGUAGE_STANDARD = "gnu++14";
				CLANG_CXX_LIBRARY = "libc++";
				CLANG_ENABLE_MODULES = YES;
				CLANG_ENABLE_OBJC_ARC = YES;
				CLANG_WARN_BLOCK_CAPTURE_AUTORELEASING = YES;
				CLANG_WARN_BOOL_CONVERSION = YES;
				CLANG_WARN_COMMA = YES;
				CLANG_WARN_CONSTANT_CONVERSION = YES;
				CLANG_WARN_DIRECT_OBJC_ISA_USAGE = YES_ERROR;
				CLANG_WARN_DOCUMENTATION_COMMENTS = YES;
				CLANG_WARN_EMPTY_BODY = YES;
				CLANG_WARN_ENUM_CONVERSION = YES;
				CLANG_WARN_INFINITE_RECURSION = YES;
				CLANG_WARN_INT_CONVERSION = YES;
				CLANG_WARN_NON_LITERAL_NULL_CONVERSION = YES;
				CLANG_WARN_OBJC_LITERAL_CONVERSION = YES;
				CLANG_WARN_OBJC_ROOT_CLASS = YES_ERROR;
				CLANG_WARN_RANGE_LOOP_ANALYSIS = YES;
				CLANG_WARN_STRICT_PROTOTYPES = YES;
				CLANG_WARN_SUSPICIOUS_MOVE = YES;
				CLANG_WARN_UNGUARDED_AVAILABILITY = YES_AGGRESSIVE;
				CLANG_WARN_UNREACHABLE_CODE = YES;
				CLANG_WARN__DUPLICATE_METHOD_MATCH = YES;
				CODE_SIGN_IDENTITY = "iPhone Developer";
				COPY_PHASE_STRIP = NO;
				DEBUG_INFORMATION_FORMAT = "dwarf-with-dsym";
				ENABLE_NS_ASSERTIONS = NO;
				ENABLE_STRICT_OBJC_MSGSEND = YES;
				GCC_C_LANGUAGE_STANDARD = gnu11;
				GCC_NO_COMMON_BLOCKS = YES;
				GCC_WARN_64_TO_32_BIT_CONVERSION = YES;
				GCC_WARN_ABOUT_RETURN_TYPE = YES_ERROR;
				GCC_WARN_UNDECLARED_SELECTOR = YES;
				GCC_WARN_UNINITIALIZED_AUTOS = YES_AGGRESSIVE;
				GCC_WARN_UNUSED_FUNCTION = YES;
				GCC_WARN_UNUSED_VARIABLE = YES;
				IPHONEOS_DEPLOYMENT_TARGET = 11.0;
				MTL_ENABLE_DEBUG_INFO = NO;
				SDKROOT = iphoneos;
				SWIFT_OPTIMIZATION_LEVEL = "-Owholemodule";
				VALIDATE_PRODUCT = YES;
			};
			name = Release;
		};
		AE3593C71FCF9C3B00AA831F /* Debug */ = {
			isa = XCBuildConfiguration;
			buildSettings = {
				ASSETCATALOG_COMPILER_APPICON_NAME = AppIcon;
				CODE_SIGN_STYLE = Automatic;
				DEVELOPMENT_TEAM = 8GJ35L8N57;
				INFOPLIST_FILE = SumManger/Info.plist;
				LD_RUNPATH_SEARCH_PATHS = "$(inherited) @executable_path/Frameworks";
				PRODUCT_BUNDLE_IDENTIFIER = "------------.SumManger";
				PRODUCT_NAME = "$(TARGET_NAME)";
				SWIFT_VERSION = 4.0;
				TARGETED_DEVICE_FAMILY = "1,2";
			};
			name = Debug;
		};
		AE3593C81FCF9C3B00AA831F /* Release */ = {
			isa = XCBuildConfiguration;
			buildSettings = {
				ASSETCATALOG_COMPILER_APPICON_NAME = AppIcon;
				CODE_SIGN_STYLE = Automatic;
				DEVELOPMENT_TEAM = 8GJ35L8N57;
				INFOPLIST_FILE = SumManger/Info.plist;
				LD_RUNPATH_SEARCH_PATHS = "$(inherited) @executable_path/Frameworks";
				PRODUCT_BUNDLE_IDENTIFIER = "------------.SumManger";
				PRODUCT_NAME = "$(TARGET_NAME)";
				SWIFT_VERSION = 4.0;
				TARGETED_DEVICE_FAMILY = "1,2";
			};
			name = Release;
		};
/* End XCBuildConfiguration section */

/* Begin XCConfigurationList section */
		AE3593AF1FCF9C3B00AA831F /* Build configuration list for PBXProject "SumManger" */ = {
			isa = XCConfigurationList;
			buildConfigurations = (
				AE3593C41FCF9C3B00AA831F /* Debug */,
				AE3593C51FCF9C3B00AA831F /* Release */,
			);
			defaultConfigurationIsVisible = 0;
			defaultConfigurationName = Release;
		};
		AE3593C61FCF9C3B00AA831F /* Build configuration list for PBXNativeTarget "SumManger" */ = {
			isa = XCConfigurationList;
			buildConfigurations = (
				AE3593C71FCF9C3B00AA831F /* Debug */,
				AE3593C81FCF9C3B00AA831F /* Release */,
			);
			defaultConfigurationIsVisible = 0;
			defaultConfigurationName = Release;
		};
/* End XCConfigurationList section */
	};
	rootObject = AE3593AC1FCF9C3B00AA831F /* Project object */;
}
